
Microsoft Visual Studio Solution File, Format Version 12.00
# Visual Studio Version 16
VisualStudioVersion = 16.0.29411.108
MinimumVisualStudioVersion = 10.0.40219.1
Project("{FAE04EC0-301F-11D3-BF4B-00C04F79EFBC}") = "lib-cryptography", "lib-cryptography\lib-cryptography.csproj", "{8CD4CFB8-346C-468E-936E-88A4CB520DA5}"
EndProject
Global
	GlobalSection(SolutionConfigurationPlatforms) = preSolution
		Debug|Any CPU = Debug|Any CPU
		Release|Any CPU = Release|Any CPU
	EndGlobalSection
	GlobalSection(ProjectConfigurationPlatforms) = postSolution
		{8CD4CFB8-346C-468E-936E-88A4CB520DA5}.Debug|Any CPU.ActiveCfg = Debug|Any CPU
		{8CD4CFB8-346C-468E-936E-88A4CB520DA5}.Debug|Any CPU.Build.0 = Debug|Any CPU
		{8CD4CFB8-346C-468E-936E-88A4CB520DA5}.Release|Any CPU.ActiveCfg = Release|Any CPU
		{8CD4CFB8-346C-468E-936E-88A4CB520DA5}.Release|Any CPU.Build.0 = Release|Any CPU
	EndGlobalSection
	GlobalSection(SolutionProperties) = preSolution
		HideSolutionNode = FALSE
	EndGlobalSection
	GlobalSection(ExtensibilityGlobals) = postSolution
		SolutionGuid = {4D311FF3-938B-402A-8076-F9C3D59491E7}
	EndGlobalSection
EndGlobal
